// !$*UTF8*$!
{
	archiveVersion = 1;
	classes = {
	};
	objectVersion = 46;
	objects = {

/* Begin PBXBuildFile section */
		0087A8EB17EABA5D00F143D4 /* UIKit.framework in Frameworks */ = {isa = PBXBuildFile; fileRef = 0087A8EA17EABA5D00F143D4 /* UIKit.framework */; };
		0087A8ED17EABA5D00F143D4 /* Foundation.framework in Frameworks */ = {isa = PBXBuildFile; fileRef = 0087A8EC17EABA5D00F143D4 /* Foundation.framework */; };
		0087A8EF17EABA5D00F143D4 /* CoreGraphics.framework in Frameworks */ = {isa = PBXBuildFile; fileRef = 0087A8EE17EABA5D00F143D4 /* CoreGraphics.framework */; };
		0087A8F517EABA5D00F143D4 /* InfoPlist.strings in Resources */ = {isa = PBXBuildFile; fileRef = 0087A8F317EABA5D00F143D4 /* InfoPlist.strings */; };
		0087A8F717EABA5D00F143D4 /* main.m in Sources */ = {isa = PBXBuildFile; fileRef = 0087A8F617EABA5D00F143D4 /* main.m */; };
		0087A8FB17EABA5D00F143D4 /* BIDAppDelegate.m in Sources */ = {isa = PBXBuildFile; fileRef = 0087A8FA17EABA5D00F143D4 /* BIDAppDelegate.m */; };
		0087A8FE17EABA5D00F143D4 /* MainStoryboard.storyboard in Resources */ = {isa = PBXBuildFile; fileRef = 0087A8FC17EABA5D00F143D4 /* MainStoryboard.storyboard */; };
		0087A90117EABA5D00F143D4 /* BIDViewController.m in Sources */ = {isa = PBXBuildFile; fileRef = 0087A90017EABA5D00F143D4 /* BIDViewController.m */; };
		0087A90917EAC2A600F143D4 /* BIDFourLines.m in Sources */ = {isa = PBXBuildFile; fileRef = 0087A90817EAC2A500F143D4 /* BIDFourLines.m */; };
		0087A90B17EACC2300F143D4 /* libsqlite3.dylib in Frameworks */ = {isa = PBXBuildFile; fileRef = 0087A90A17EACC2300F143D4 /* libsqlite3.dylib */; };
/* End PBXBuildFile section */

/* Begin PBXFileReference section */
		0087A8E617EABA5D00F143D4 /* Persistence.app */ = {isa = PBXFileReference; explicitFileType = wrapper.application; includeInIndex = 0; path = Persistence.app; sourceTree = BUILT_PRODUCTS_DIR; };
		0087A8EA17EABA5D00F143D4 /* UIKit.framework */ = {isa = PBXFileReference; lastKnownFileType = wrapper.framework; name = UIKit.framework; path = System/Library/Frameworks/UIKit.framework; sourceTree = SDKROOT; };
		0087A8EC17EABA5D00F143D4 /* Foundation.framework */ = {isa = PBXFileReference; lastKnownFileType = wrapper.framework; name = Foundation.framework; path = System/Library/Frameworks/Foundation.framework; sourceTree = SDKROOT; };
		0087A8EE17EABA5D00F143D4 /* CoreGraphics.framework */ = {isa = PBXFileReference; lastKnownFileType = wrapper.framework; name = CoreGraphics.framework; path = System/Library/Frameworks/CoreGraphics.framework; sourceTree = SDKROOT; };
		0087A8F217EABA5D00F143D4 /* Persistence-Info.plist */ = {isa = PBXFileReference; lastKnownFileType = text.plist.xml; path = "Persistence-Info.plist"; sourceTree = "<group>"; };
		0087A8F417EABA5D00F143D4 /* en */ = {isa = PBXFileReference; lastKnownFileType = text.plist.strings; name = en; path = en.lproj/InfoPlist.strings; sourceTree = "<group>"; };
		0087A8F617EABA5D00F143D4 /* main.m */ = {isa = PBXFileReference; lastKnownFileType = sourcecode.c.objc; path = main.m; sourceTree = "<group>"; };
		0087A8F817EABA5D00F143D4 /* Persistence-Prefix.pch */ = {isa = PBXFileReference; lastKnownFileType = sourcecode.c.h; path = "Persistence-Prefix.pch"; sourceTree = "<group>"; };
		0087A8F917EABA5D00F143D4 /* BIDAppDelegate.h */ = {isa = PBXFileReference; lastKnownFileType = sourcecode.c.h; path = BIDAppDelegate.h; sourceTree = "<group>"; };
		0087A8FA17EABA5D00F143D4 /* BIDAppDelegate.m */ = {isa = PBXFileReference; lastKnownFileType = sourcecode.c.objc; path = BIDAppDelegate.m; sourceTree = "<group>"; };
		0087A8FD17EABA5D00F143D4 /* en */ = {isa = PBXFileReference; lastKnownFileType = file.storyboard; name = en; path = en.lproj/MainStoryboard.storyboard; sourceTree = "<group>"; };
		0087A8FF17EABA5D00F143D4 /* BIDViewController.h */ = {isa = PBXFileReference; lastKnownFileType = sourcecode.c.h; path = BIDViewController.h; sourceTree = "<group>"; };
		0087A90017EABA5D00F143D4 /* BIDViewController.m */ = {isa = PBXFileReference; lastKnownFileType = sourcecode.c.objc; path = BIDViewController.m; sourceTree = "<group>"; };
		0087A90717EAC2A500F143D4 /* BIDFourLines.h */ = {isa = PBXFileReference; fileEncoding = 4; lastKnownFileType = sourcecode.c.h; path = BIDFourLines.h; sourceTree = "<group>"; };
		0087A90817EAC2A500F143D4 /* BIDFourLines.m */ = {isa = PBXFileReference; fileEncoding = 4; lastKnownFileType = sourcecode.c.objc; path = BIDFourLines.m; sourceTree = "<group>"; };
		0087A90A17EACC2300F143D4 /* libsqlite3.dylib */ = {isa = PBXFileReference; lastKnownFileType = "compiled.mach-o.dylib"; name = libsqlite3.dylib; path = usr/lib/libsqlite3.dylib; sourceTree = SDKROOT; };
/* End PBXFileReference section */

/* Begin PBXFrameworksBuildPhase section */
		0087A8E317EABA5D00F143D4 /* Frameworks */ = {
			isa = PBXFrameworksBuildPhase;
			buildActionMask = 2147483647;
			files = (
				0087A90B17EACC2300F143D4 /* libsqlite3.dylib in Frameworks */,
				0087A8EB17EABA5D00F143D4 /* UIKit.framework in Frameworks */,
				0087A8ED17EABA5D00F143D4 /* Foundation.framework in Frameworks */,
				0087A8EF17EABA5D00F143D4 /* CoreGraphics.framework in Frameworks */,
			);
			runOnlyForDeploymentPostprocessing = 0;
		};
/* End PBXFrameworksBuildPhase section */

/* Begin PBXGroup section */
		0087A8DB17EABA5D00F143D4 = {
			isa = PBXGroup;
			children = (
				0087A8F017EABA5D00F143D4 /* Persistence */,
				0087A8E917EABA5D00F143D4 /* Frameworks */,
				0087A8E717EABA5D00F143D4 /* Products */,
			);
			sourceTree = "<group>";
		};
		0087A8E717EABA5D00F143D4 /* Products */ = {
			isa = PBXGroup;
			children = (
				0087A8E617EABA5D00F143D4 /* Persistence.app */,
			);
			name = Products;
			sourceTree = "<group>";
		};
		0087A8E917EABA5D00F143D4 /* Frameworks */ = {
			isa = PBXGroup;
			children = (
				0087A90A17EACC2300F143D4 /* libsqlite3.dylib */,
				0087A8EA17EABA5D00F143D4 /* UIKit.framework */,
				0087A8EC17EABA5D00F143D4 /* Foundation.framework */,
				0087A8EE17EABA5D00F143D4 /* CoreGraphics.framework */,
			);
			name = Frameworks;
			sourceTree = "<group>";
		};
		0087A8F017EABA5D00F143D4 /* Persistence */ = {
			isa = PBXGroup;
			children = (
				0087A8F917EABA5D00F143D4 /* BIDAppDelegate.h */,
				0087A8FA17EABA5D00F143D4 /* BIDAppDelegate.m */,
				0087A8FC17EABA5D00F143D4 /* MainStoryboard.storyboard */,
				0087A8FF17EABA5D00F143D4 /* BIDViewController.h */,
				0087A90017EABA5D00F143D4 /* BIDViewController.m */,
				0087A8F117EABA5D00F143D4 /* Supporting Files */,
				0087A90717EAC2A500F143D4 /* BIDFourLines.h */,
				0087A90817EAC2A500F143D4 /* BIDFourLines.m */,
			);
			path = Persistence;
			sourceTree = "<group>";
		};
		0087A8F117EABA5D00F143D4 /* Supporting Files */ = {
			isa = PBXGroup;
			children = (
				0087A8F217EABA5D00F143D4 /* Persistence-Info.plist */,
				0087A8F317EABA5D00F143D4 /* InfoPlist.strings */,
				0087A8F617EABA5D00F143D4 /* main.m */,
				0087A8F817EABA5D00F143D4 /* Persistence-Prefix.pch */,
			);
			name = "Supporting Files";
			sourceTree = "<group>";
		};
/* End PBXGroup section */

/* Begin PBXNativeTarget section */
		0087A8E517EABA5D00F143D4 /* Persistence */ = {
			isa = PBXNativeTarget;
			buildConfigurationList = 0087A90417EABA5D00F143D4 /* Build configuration list for PBXNativeTarget "Persistence" */;
			buildPhases = (
				0087A8E217EABA5D00F143D4 /* Sources */,
				0087A8E317EABA5D00F143D4 /* Frameworks */,
				0087A8E417EABA5D00F143D4 /* Resources */,
			);
			buildRules = (
			);
			dependencies = (
			);
			name = Persistence;
			productName = Persistence;
			productReference = 0087A8E617EABA5D00F143D4 /* Persistence.app */;
			productType = "com.apple.product-type.application";
		};
/* End PBXNativeTarget section */

/* Begin PBXProject section */
		0087A8DD17EABA5D00F143D4 /* Project object */ = {
			isa = PBXProject;
			attributes = {
				LastUpgradeCheck = 0420;
			};
			buildConfigurationList = 0087A8E017EABA5D00F143D4 /* Build configuration list for PBXProject "Persistence" */;
			compatibilityVersion = "Xcode 3.2";
			developmentRegion = English;
			hasScannedForEncodings = 0;
			knownRegions = (
				en,
			);
			mainGroup = 0087A8DB17EABA5D00F143D4;
			productRefGroup = 0087A8E717EABA5D00F143D4 /* Products */;
			projectDirPath = "";
			projectRoot = "";
			targets = (
				0087A8E517EABA5D00F143D4 /* Persistence */,
			);
		};
/* End PBXProject section */

/* Begin PBXResourcesBuildPhase section */
		0087A8E417EABA5D00F143D4 /* Resources */ = {
			isa = PBXResourcesBuildPhase;
			buildActionMask = 2147483647;
			files = (
				0087A8F517EABA5D00F143D4 /* InfoPlist.strings in Resources */,
				0087A8FE17EABA5D00F143D4 /* MainStoryboard.storyboard in Resources */,
			);
			runOnlyForDeploymentPostprocessing = 0;
		};
/* End PBXResourcesBuildPhase section */

/* Begin PBXSourcesBuildPhase section */
		0087A8E217EABA5D00F143D4 /* Sources */ = {
			isa = PBXSourcesBuildPhase;
			buildActionMask = 2147483647;
			files = (
				0087A8F717EABA5D00F143D4 /* main.m in Sources */,
				0087A8FB17EABA5D00F143D4 /* BIDAppDelegate.m in Sources */,
				0087A90117EABA5D00F143D4 /* BIDViewController.m in Sources */,
				0087A90917EAC2A600F143D4 /* BIDFourLines.m in Sources */,
			);
			runOnlyForDeploymentPostprocessing = 0;
		};
/* End PBXSourcesBuildPhase section */

/* Begin PBXVariantGroup section */
		0087A8F317EABA5D00F143D4 /* InfoPlist.strings */ = {
			isa = PBXVariantGroup;
			children = (
				0087A8F417EABA5D00F143D4 /* en */,
			);
			name = InfoPlist.strings;
			sourceTree = "<group>";
		};
		0087A8FC17EABA5D00F143D4 /* MainStoryboard.storyboard */ = {
			isa = PBXVariantGroup;
			children = (
				0087A8FD17EABA5D00F143D4 /* en */,
			);
			name = MainStoryboard.storyboard;
			sourceTree = "<group>";
		};
/* End PBXVariantGroup section */

/* Begin XCBuildConfiguration section */
		0087A90217EABA5D00F143D4 /* Debug */ = {
			isa = XCBuildConfiguration;
			buildSettings = {
				ALWAYS_SEARCH_USER_PATHS = NO;
				ARCHS = "$(ARCHS_STANDARD_32_BIT)";
				CLANG_ENABLE_OBJC_ARC = YES;
				"CODE_SIGN_IDENTITY[sdk=iphoneos*]" = "iPhone Developer";
				COPY_PHASE_STRIP = NO;
				GCC_C_LANGUAGE_STANDARD = gnu99;
				GCC_DYNAMIC_NO_PIC = NO;
				GCC_OPTIMIZATION_LEVEL = 0;
				GCC_PREPROCESSOR_DEFINITIONS = (
					"DEBUG=1",
					"$(inherited)",
				);
				GCC_SYMBOLS_PRIVATE_EXTERN = NO;
				GCC_VERSION = com.apple.compilers.llvm.clang.1_0;
				GCC_WARN_ABOUT_MISSING_PROTOTYPES = YES;
				GCC_WARN_ABOUT_RETURN_TYPE = YES;
				GCC_WARN_UNUSED_VARIABLE = YES;
				IPHONEOS_DEPLOYMENT_TARGET = 5.0;
				SDKROOT = iphoneos;
			};
			name = Debug;
		};
		0087A90317EABA5D00F143D4 /* Release */ = {
			isa = XCBuildConfiguration;
			buildSettings = {
				ALWAYS_SEARCH_USER_PATHS = NO;
				ARCHS = "$(ARCHS_STANDARD_32_BIT)";
				CLANG_ENABLE_OBJC_ARC = YES;
				"CODE_SIGN_IDENTITY[sdk=iphoneos*]" = "iPhone Developer";
				COPY_PHASE_STRIP = YES;
				GCC_C_LANGUAGE_STANDARD = gnu99;
				GCC_VERSION = com.apple.compilers.llvm.clang.1_0;
				GCC_WARN_ABOUT_MISSING_PROTOTYPES = YES;
				GCC_WARN_ABOUT_RETURN_TYPE = YES;
				GCC_WARN_UNUSED_VARIABLE = YES;
				IPHONEOS_DEPLOYMENT_TARGET = 5.0;
				OTHER_CFLAGS = "-DNS_BLOCK_ASSERTIONS=1";
				SDKROOT = iphoneos;
				VALIDATE_PRODUCT = YES;
			};
			name = Release;
		};
		0087A90517EABA5D00F143D4 /* Debug */ = {
			isa = XCBuildConfiguration;
			buildSettings = {
				GCC_PRECOMPILE_PREFIX_HEADER = YES;
				GCC_PREFIX_HEADER = "Persistence/Persistence-Prefix.pch";
				INFOPLIST_FILE = "Persistence/Persistence-Info.plist";
				PRODUCT_NAME = "$(TARGET_NAME)";
				WRAPPER_EXTENSION = app;
			};
			name = Debug;
		};
		0087A90617EABA5D00F143D4 /* Release */ = {
			isa = XCBuildConfiguration;
			buildSettings = {
				GCC_PRECOMPILE_PREFIX_HEADER = YES;
				GCC_PREFIX_HEADER = "Persistence/Persistence-Prefix.pch";
				INFOPLIST_FILE = "Persistence/Persistence-Info.plist";
				PRODUCT_NAME = "$(TARGET_NAME)";
				WRAPPER_EXTENSION = app;
			};
			name = Release;
		};
/* End XCBuildConfiguration section */

/* Begin XCConfigurationList section */
		0087A8E017EABA5D00F143D4 /* Build configuration list for PBXProject "Persistence" */ = {
			isa = XCConfigurationList;
			buildConfigurations = (
				0087A90217EABA5D00F143D4 /* Debug */,
				0087A90317EABA5D00F143D4 /* Release */,
			);
			defaultConfigurationIsVisible = 0;
			defaultConfigurationName = Release;
		};
		0087A90417EABA5D00F143D4 /* Build configuration list for PBXNativeTarget "Persistence" */ = {
			isa = XCConfigurationList;
			buildConfigurations = (
				0087A90517EABA5D00F143D4 /* Debug */,
				0087A90617EABA5D00F143D4 /* Release */,
			);
			defaultConfigurationIsVisible = 0;
		};
/* End XCConfigurationList section */
	};
	rootObject = 0087A8DD17EABA5D00F143D4 /* Project object */;
}
